
Microsoft Visual Studio Solution File, Format Version 12.00
# Visual Studio Version 17
VisualStudioVersion = 17.0.31912.275
MinimumVisualStudioVersion = 10.0.40219.1
Project("{FAE04EC0-301F-11D3-BF4B-00C04F79EFBC}") = "CapaDatosOperaciones", "..\..\Operaciones\CapaDatosOperaciones\CapaDatosOperaciones.csproj", "{002D57C8-F1C3-4C0F-88F7-D4B924BC30E2}"
EndProject
Project("{FAE04EC0-301F-11D3-BF4B-00C04F79EFBC}") = "CapaDtoOperaciones", "..\..\Operaciones\CapaDtoOperaciones\CapaDtoOperaciones.csproj", "{61FB5E09-9A3D-41F5-91BD-A90D87FF5E18}"
EndProject
Project("{FAE04EC0-301F-11D3-BF4B-00C04F79EFBC}") = "CapNegocioOperaciones", "..\..\Operaciones\CapNegocioOperaciones\CapNegocioOperaciones.csproj", "{ACFF6748-7194-474E-BDFD-1B2B84F9E53B}"
EndProject
Project("{FAE04EC0-301F-11D3-BF4B-00C04F79EFBC}") = "CapaDatosBM", "..\..\BaseMaestra\CapaDatosBM\CapaDatosBM.csproj", "{4A9E7C5A-B3A3-4B0A-BBFB-A41225DFD5F1}"
EndProject
Project("{FAE04EC0-301F-11D3-BF4B-00C04F79EFBC}") = "CapaEntidadBM", "..\..\BaseMaestra\CapaEntidadBM\CapaEntidadBM.csproj", "{0D9C46C0-25BD-4840-A660-D9083C3E2FCC}"
EndProject
Project("{FAE04EC0-301F-11D3-BF4B-00C04F79EFBC}") = "CapaNegocioBM", "..\..\BaseMaestra\CapaNegocioBM\CapaNegocioBM.csproj", "{16C41A44-7143-4A02-8DA8-25F2AD6D46C5}"
EndProject
Project("{FAE04EC0-301F-11D3-BF4B-00C04F79EFBC}") = "CapaDatosIPS", "..\..\IPS\CapaDatosIPS\CapaDatosIPS.csproj", "{88CF32FC-ADA0-4FF6-993E-15A1273B708F}"
EndProject
Project("{FAE04EC0-301F-11D3-BF4B-00C04F79EFBC}") = "CapaEntidadIPS", "..\..\IPS\CapaEntidadIPS\CapaEntidadIPS.csproj", "{D41964FB-2586-4E45-9CF7-2F381D5E66BA}"
EndProject
Project("{FAE04EC0-301F-11D3-BF4B-00C04F79EFBC}") = "CapaNegocioIPS", "..\..\IPS\CapaNegocioIPS\CapaNegocioIPS.csproj", "{7EC179C3-9842-4381-9640-32DC269F4422}"
EndProject
Project("{FAE04EC0-301F-11D3-BF4B-00C04F79EFBC}") = "CapaDatosTracking", "..\..\Tracking\CapaDatosTracking\CapaDatosTracking.csproj", "{856B6215-DA61-408A-9CD6-8FB5FE4E1570}"
EndProject
Project("{FAE04EC0-301F-11D3-BF4B-00C04F79EFBC}") = "CapaNegocioTracking", "..\..\Tracking\CapaNegocioTracking\CapaNegocioTracking.csproj", "{E5FFD7CC-33EF-4676-A854-9CACD38DB125}"
EndProject
Project("{FAE04EC0-301F-11D3-BF4B-00C04F79EFBC}") = "CapaEntidadTracking", "..\..\Tracking\CapaEntidadTracking\CapaEntidadTracking.csproj", "{B45C4B0D-8D3D-45D5-BBF8-3FE869914A35}"
EndProject
Project("{FAE04EC0-301F-11D3-BF4B-00C04F79EFBC}") = "CapaDatosEnviosSPE", "..\..\EnviosSPE\CapaDatosEnviosSPE\CapaDatosEnviosSPE.csproj", "{B5592DD1-9FA5-4ABF-AC30-F202E06C9D31}"
EndProject
Project("{FAE04EC0-301F-11D3-BF4B-00C04F79EFBC}") = "CapaNegocioEnviosSPE", "..\..\EnviosSPE\CapaNegocioEnviosSPE\CapaNegocioEnviosSPE.csproj", "{5834B844-8020-4F61-9B45-FFB38F51FAA8}"
EndProject
Project("{FAE04EC0-301F-11D3-BF4B-00C04F79EFBC}") = "CapaEntidadEnviosSPE", "..\..\EnviosSPE\CapaEntidadEnviosSPE\CapaEntidadEnviosSPE.csproj", "{0DE896E5-A999-4236-B212-B92784D0D023}"
EndProject
Project("{FAE04EC0-301F-11D3-BF4B-00C04F79EFBC}") = "CapaNegocioZP", "..\..\ZonaPrimaria\CapaNegocioZP\CapaNegocioZP.csproj", "{D6EFD0AD-424A-4B64-9725-A889E6E6A94C}"
EndProject
Project("{FAE04EC0-301F-11D3-BF4B-00C04F79EFBC}") = "CapaEntidadZP", "..\..\ZonaPrimaria\CapaEntidadZP\CapaEntidadZP.csproj", "{C42C333A-E933-4A74-B7F5-893355701196}"
EndProject
Project("{2150E333-8FDC-42A3-9474-1A3956D46DE8}") = "BaseMaestra", "BaseMaestra", "{1B09E9AF-C533-47D6-AB5B-3A7021FF23A5}"
EndProject
Project("{2150E333-8FDC-42A3-9474-1A3956D46DE8}") = "EnviosSPE", "EnviosSPE", "{66800538-0174-4074-A8FD-4FD7333D0EC2}"
EndProject
Project("{2150E333-8FDC-42A3-9474-1A3956D46DE8}") = "IPS", "IPS", "{23D816CB-E7AC-4824-BA89-F6006E081ACF}"
EndProject
Project("{2150E333-8FDC-42A3-9474-1A3956D46DE8}") = "ZonaPrimaria", "ZonaPrimaria", "{22298E55-5017-49CF-B5AE-BE1E7511B03B}"
EndProject
Project("{2150E333-8FDC-42A3-9474-1A3956D46DE8}") = "Operaciones", "Operaciones", "{5CB03F67-BD5B-4B1C-A350-1955FA570DE9}"
EndProject
Project("{2150E333-8FDC-42A3-9474-1A3956D46DE8}") = "Tracking", "Tracking", "{85A5D8D4-989D-4565-B7E7-2BC29407E400}"
EndProject
Project("{2150E333-8FDC-42A3-9474-1A3956D46DE8}") = "Utilidades", "Utilidades", "{19841970-3AAB-4688-B803-6CFCC780E5D3}"
EndProject
Project("{9A19103F-16F7-4668-BE54-9A1E7A4F7556}") = "WebApiProveedorPagos", "WebApiProveedorPagos.csproj", "{41F1D8A8-0C32-4377-AE5D-5019D5DE785F}"
EndProject
Project("{FAE04EC0-301F-11D3-BF4B-00C04F79EFBC}") = "Utilitarios", "..\..\Utilitarios\Util\Utilitarios.csproj", "{61F446D4-4CCA-42C2-B7B4-5CCACF7897B8}"
EndProject
Global
	GlobalSection(SolutionConfigurationPlatforms) = preSolution
		Debug|Any CPU = Debug|Any CPU
		Release|Any CPU = Release|Any CPU
	EndGlobalSection
	GlobalSection(ProjectConfigurationPlatforms) = postSolution
		{002D57C8-F1C3-4C0F-88F7-D4B924BC30E2}.Debug|Any CPU.ActiveCfg = Debug|Any CPU
		{002D57C8-F1C3-4C0F-88F7-D4B924BC30E2}.Debug|Any CPU.Build.0 = Debug|Any CPU
		{002D57C8-F1C3-4C0F-88F7-D4B924BC30E2}.Release|Any CPU.ActiveCfg = Release|Any CPU
		{002D57C8-F1C3-4C0F-88F7-D4B924BC30E2}.Release|Any CPU.Build.0 = Release|Any CPU
		{61FB5E09-9A3D-41F5-91BD-A90D87FF5E18}.Debug|Any CPU.ActiveCfg = Debug|Any CPU
		{61FB5E09-9A3D-41F5-91BD-A90D87FF5E18}.Debug|Any CPU.Build.0 = Debug|Any CPU
		{61FB5E09-9A3D-41F5-91BD-A90D87FF5E18}.Release|Any CPU.ActiveCfg = Release|Any CPU
		{61FB5E09-9A3D-41F5-91BD-A90D87FF5E18}.Release|Any CPU.Build.0 = Release|Any CPU
		{ACFF6748-7194-474E-BDFD-1B2B84F9E53B}.Debug|Any CPU.ActiveCfg = Debug|Any CPU
		{ACFF6748-7194-474E-BDFD-1B2B84F9E53B}.Debug|Any CPU.Build.0 = Debug|Any CPU
		{ACFF6748-7194-474E-BDFD-1B2B84F9E53B}.Release|Any CPU.ActiveCfg = Release|Any CPU
		{ACFF6748-7194-474E-BDFD-1B2B84F9E53B}.Release|Any CPU.Build.0 = Release|Any CPU
		{4A9E7C5A-B3A3-4B0A-BBFB-A41225DFD5F1}.Debug|Any CPU.ActiveCfg = Debug|Any CPU
		{4A9E7C5A-B3A3-4B0A-BBFB-A41225DFD5F1}.Debug|Any CPU.Build.0 = Debug|Any CPU
		{4A9E7C5A-B3A3-4B0A-BBFB-A41225DFD5F1}.Release|Any CPU.ActiveCfg = Release|Any CPU
		{4A9E7C5A-B3A3-4B0A-BBFB-A41225DFD5F1}.Release|Any CPU.Build.0 = Release|Any CPU
		{0D9C46C0-25BD-4840-A660-D9083C3E2FCC}.Debug|Any CPU.ActiveCfg = Debug|Any CPU
		{0D9C46C0-25BD-4840-A660-D9083C3E2FCC}.Debug|Any CPU.Build.0 = Debug|Any CPU
		{0D9C46C0-25BD-4840-A660-D9083C3E2FCC}.Release|Any CPU.ActiveCfg = Release|Any CPU
		{0D9C46C0-25BD-4840-A660-D9083C3E2FCC}.Release|Any CPU.Build.0 = Release|Any CPU
		{16C41A44-7143-4A02-8DA8-25F2AD6D46C5}.Debug|Any CPU.ActiveCfg = Debug|Any CPU
		{16C41A44-7143-4A02-8DA8-25F2AD6D46C5}.Debug|Any CPU.Build.0 = Debug|Any CPU
		{16C41A44-7143-4A02-8DA8-25F2AD6D46C5}.Release|Any CPU.ActiveCfg = Release|Any CPU
		{16C41A44-7143-4A02-8DA8-25F2AD6D46C5}.Release|Any CPU.Build.0 = Release|Any CPU
		{88CF32FC-ADA0-4FF6-993E-15A1273B708F}.Debug|Any CPU.ActiveCfg = Debug|Any CPU
		{88CF32FC-ADA0-4FF6-993E-15A1273B708F}.Debug|Any CPU.Build.0 = Debug|Any CPU
		{88CF32FC-ADA0-4FF6-993E-15A1273B708F}.Release|Any CPU.ActiveCfg = Release|Any CPU
		{88CF32FC-ADA0-4FF6-993E-15A1273B708F}.Release|Any CPU.Build.0 = Release|Any CPU
		{D41964FB-2586-4E45-9CF7-2F381D5E66BA}.Debug|Any CPU.ActiveCfg = Debug|Any CPU
		{D41964FB-2586-4E45-9CF7-2F381D5E66BA}.Debug|Any CPU.Build.0 = Debug|Any CPU
		{D41964FB-2586-4E45-9CF7-2F381D5E66BA}.Release|Any CPU.ActiveCfg = Release|Any CPU
		{D41964FB-2586-4E45-9CF7-2F381D5E66BA}.Release|Any CPU.Build.0 = Release|Any CPU
		{7EC179C3-9842-4381-9640-32DC269F4422}.Debug|Any CPU.ActiveCfg = Debug|Any CPU
		{7EC179C3-9842-4381-9640-32DC269F4422}.Debug|Any CPU.Build.0 = Debug|Any CPU
		{7EC179C3-9842-4381-9640-32DC269F4422}.Release|Any CPU.ActiveCfg = Release|Any CPU
		{7EC179C3-9842-4381-9640-32DC269F4422}.Release|Any CPU.Build.0 = Release|Any CPU
		{856B6215-DA61-408A-9CD6-8FB5FE4E1570}.Debug|Any CPU.ActiveCfg = Debug|Any CPU
		{856B6215-DA61-408A-9CD6-8FB5FE4E1570}.Debug|Any CPU.Build.0 = Debug|Any CPU
		{856B6215-DA61-408A-9CD6-8FB5FE4E1570}.Release|Any CPU.ActiveCfg = Release|Any CPU
		{856B6215-DA61-408A-9CD6-8FB5FE4E1570}.Release|Any CPU.Build.0 = Release|Any CPU
		{E5FFD7CC-33EF-4676-A854-9CACD38DB125}.Debug|Any CPU.ActiveCfg = Debug|Any CPU
		{E5FFD7CC-33EF-4676-A854-9CACD38DB125}.Debug|Any CPU.Build.0 = Debug|Any CPU
		{E5FFD7CC-33EF-4676-A854-9CACD38DB125}.Release|Any CPU.ActiveCfg = Release|Any CPU
		{E5FFD7CC-33EF-4676-A854-9CACD38DB125}.Release|Any CPU.Build.0 = Release|Any CPU
		{B45C4B0D-8D3D-45D5-BBF8-3FE869914A35}.Debug|Any CPU.ActiveCfg = Debug|Any CPU
		{B45C4B0D-8D3D-45D5-BBF8-3FE869914A35}.Debug|Any CPU.Build.0 = Debug|Any CPU
		{B45C4B0D-8D3D-45D5-BBF8-3FE869914A35}.Release|Any CPU.ActiveCfg = Release|Any CPU
		{B45C4B0D-8D3D-45D5-BBF8-3FE869914A35}.Release|Any CPU.Build.0 = Release|Any CPU
		{B5592DD1-9FA5-4ABF-AC30-F202E06C9D31}.Debug|Any CPU.ActiveCfg = Debug|Any CPU
		{B5592DD1-9FA5-4ABF-AC30-F202E06C9D31}.Debug|Any CPU.Build.0 = Debug|Any CPU
		{B5592DD1-9FA5-4ABF-AC30-F202E06C9D31}.Release|Any CPU.ActiveCfg = Release|Any CPU
		{B5592DD1-9FA5-4ABF-AC30-F202E06C9D31}.Release|Any CPU.Build.0 = Release|Any CPU
		{5834B844-8020-4F61-9B45-FFB38F51FAA8}.Debug|Any CPU.ActiveCfg = Debug|Any CPU
		{5834B844-8020-4F61-9B45-FFB38F51FAA8}.Debug|Any CPU.Build.0 = Debug|Any CPU
		{5834B844-8020-4F61-9B45-FFB38F51FAA8}.Release|Any CPU.ActiveCfg = Release|Any CPU
		{5834B844-8020-4F61-9B45-FFB38F51FAA8}.Release|Any CPU.Build.0 = Release|Any CPU
		{0DE896E5-A999-4236-B212-B92784D0D023}.Debug|Any CPU.ActiveCfg = Debug|Any CPU
		{0DE896E5-A999-4236-B212-B92784D0D023}.Debug|Any CPU.Build.0 = Debug|Any CPU
		{0DE896E5-A999-4236-B212-B92784D0D023}.Release|Any CPU.ActiveCfg = Release|Any CPU
		{0DE896E5-A999-4236-B212-B92784D0D023}.Release|Any CPU.Build.0 = Release|Any CPU
		{D6EFD0AD-424A-4B64-9725-A889E6E6A94C}.Debug|Any CPU.ActiveCfg = Debug|Any CPU
		{D6EFD0AD-424A-4B64-9725-A889E6E6A94C}.Debug|Any CPU.Build.0 = Debug|Any CPU
		{D6EFD0AD-424A-4B64-9725-A889E6E6A94C}.Release|Any CPU.ActiveCfg = Release|Any CPU
		{D6EFD0AD-424A-4B64-9725-A889E6E6A94C}.Release|Any CPU.Build.0 = Release|Any CPU
		{C42C333A-E933-4A74-B7F5-893355701196}.Debug|Any CPU.ActiveCfg = Debug|Any CPU
		{C42C333A-E933-4A74-B7F5-893355701196}.Debug|Any CPU.Build.0 = Debug|Any CPU
		{C42C333A-E933-4A74-B7F5-893355701196}.Release|Any CPU.ActiveCfg = Release|Any CPU
		{C42C333A-E933-4A74-B7F5-893355701196}.Release|Any CPU.Build.0 = Release|Any CPU
		{41F1D8A8-0C32-4377-AE5D-5019D5DE785F}.Debug|Any CPU.ActiveCfg = Debug|Any CPU
		{41F1D8A8-0C32-4377-AE5D-5019D5DE785F}.Debug|Any CPU.Build.0 = Debug|Any CPU
		{41F1D8A8-0C32-4377-AE5D-5019D5DE785F}.Release|Any CPU.ActiveCfg = Release|Any CPU
		{41F1D8A8-0C32-4377-AE5D-5019D5DE785F}.Release|Any CPU.Build.0 = Release|Any CPU
		{61F446D4-4CCA-42C2-B7B4-5CCACF7897B8}.Debug|Any CPU.ActiveCfg = Debug|Any CPU
		{61F446D4-4CCA-42C2-B7B4-5CCACF7897B8}.Debug|Any CPU.Build.0 = Debug|Any CPU
		{61F446D4-4CCA-42C2-B7B4-5CCACF7897B8}.Release|Any CPU.ActiveCfg = Release|Any CPU
		{61F446D4-4CCA-42C2-B7B4-5CCACF7897B8}.Release|Any CPU.Build.0 = Release|Any CPU
	EndGlobalSection
	GlobalSection(SolutionProperties) = preSolution
		HideSolutionNode = FALSE
	EndGlobalSection
	GlobalSection(NestedProjects) = preSolution
		{002D57C8-F1C3-4C0F-88F7-D4B924BC30E2} = {5CB03F67-BD5B-4B1C-A350-1955FA570DE9}
		{61FB5E09-9A3D-41F5-91BD-A90D87FF5E18} = {5CB03F67-BD5B-4B1C-A350-1955FA570DE9}
		{ACFF6748-7194-474E-BDFD-1B2B84F9E53B} = {5CB03F67-BD5B-4B1C-A350-1955FA570DE9}
		{4A9E7C5A-B3A3-4B0A-BBFB-A41225DFD5F1} = {1B09E9AF-C533-47D6-AB5B-3A7021FF23A5}
		{0D9C46C0-25BD-4840-A660-D9083C3E2FCC} = {1B09E9AF-C533-47D6-AB5B-3A7021FF23A5}
		{16C41A44-7143-4A02-8DA8-25F2AD6D46C5} = {1B09E9AF-C533-47D6-AB5B-3A7021FF23A5}
		{88CF32FC-ADA0-4FF6-993E-15A1273B708F} = {23D816CB-E7AC-4824-BA89-F6006E081ACF}
		{D41964FB-2586-4E45-9CF7-2F381D5E66BA} = {23D816CB-E7AC-4824-BA89-F6006E081ACF}
		{7EC179C3-9842-4381-9640-32DC269F4422} = {23D816CB-E7AC-4824-BA89-F6006E081ACF}
		{856B6215-DA61-408A-9CD6-8FB5FE4E1570} = {85A5D8D4-989D-4565-B7E7-2BC29407E400}
		{E5FFD7CC-33EF-4676-A854-9CACD38DB125} = {22298E55-5017-49CF-B5AE-BE1E7511B03B}
		{B45C4B0D-8D3D-45D5-BBF8-3FE869914A35} = {85A5D8D4-989D-4565-B7E7-2BC29407E400}
		{B5592DD1-9FA5-4ABF-AC30-F202E06C9D31} = {66800538-0174-4074-A8FD-4FD7333D0EC2}
		{5834B844-8020-4F61-9B45-FFB38F51FAA8} = {66800538-0174-4074-A8FD-4FD7333D0EC2}
		{0DE896E5-A999-4236-B212-B92784D0D023} = {66800538-0174-4074-A8FD-4FD7333D0EC2}
		{D6EFD0AD-424A-4B64-9725-A889E6E6A94C} = {22298E55-5017-49CF-B5AE-BE1E7511B03B}
		{C42C333A-E933-4A74-B7F5-893355701196} = {22298E55-5017-49CF-B5AE-BE1E7511B03B}
		{61F446D4-4CCA-42C2-B7B4-5CCACF7897B8} = {19841970-3AAB-4688-B803-6CFCC780E5D3}
	EndGlobalSection
	GlobalSection(ExtensibilityGlobals) = postSolution
		SolutionGuid = {B9F098B5-201D-447D-BCDD-76B72C0F1B1A}
	EndGlobalSection
EndGlobal
